
Microsoft Visual Studio Solution File, Format Version 12.00
# Visual Studio Version 16
VisualStudioVersion = 16.0.29230.47
MinimumVisualStudioVersion = 10.0.40219.1
Project("{FAE04EC0-301F-11D3-BF4B-00C04F79EFBC}") = "Linq", "Linq\Linq.csproj", "{AED19932-3F93-4B7C-9CFF-1D082F337CBF}"
EndProject
Global
	GlobalSection(SolutionConfigurationPlatforms) = preSolution
		Debug|Any CPU = Debug|Any CPU
		Release|Any CPU = Release|Any CPU
	EndGlobalSection
	GlobalSection(ProjectConfigurationPlatforms) = postSolution
		{AED19932-3F93-4B7C-9CFF-1D082F337CBF}.Debug|Any CPU.ActiveCfg = Debug|Any CPU
		{AED19932-3F93-4B7C-9CFF-1D082F337CBF}.Debug|Any CPU.Build.0 = Debug|Any CPU
		{AED19932-3F93-4B7C-9CFF-1D082F337CBF}.Release|Any CPU.ActiveCfg = Release|Any CPU
		{AED19932-3F93-4B7C-9CFF-1D082F337CBF}.Release|Any CPU.Build.0 = Release|Any CPU
	EndGlobalSection
	GlobalSection(SolutionProperties) = preSolution
		HideSolutionNode = FALSE
	EndGlobalSection
	GlobalSection(ExtensibilityGlobals) = postSolution
		SolutionGuid = {983BF55C-AFA0-4A30-B923-0EF2042C9D2D}
	EndGlobalSection
EndGlobal
